
Microsoft Visual Studio Solution File, Format Version 12.00
# Visual Studio Version 17
VisualStudioVersion = 17.7.34221.43
MinimumVisualStudioVersion = 10.0.40219.1
Project("{FAE04EC0-301F-11D3-BF4B-00C04F79EFBC}") = "NostalgiaApp", "NostalgiaApp\NostalgiaApp.csproj", "{88E21627-78FF-434C-B934-CC709EB44981}"
EndProject
Global
	GlobalSection(SolutionConfigurationPlatforms) = preSolution
		Debug|Any CPU = Debug|Any CPU
		Release|Any CPU = Release|Any CPU
	EndGlobalSection
	GlobalSection(ProjectConfigurationPlatforms) = postSolution
		{88E21627-78FF-434C-B934-CC709EB44981}.Debug|Any CPU.ActiveCfg = Debug|Any CPU
		{88E21627-78FF-434C-B934-CC709EB44981}.Debug|Any CPU.Build.0 = Debug|Any CPU
		{88E21627-78FF-434C-B934-CC709EB44981}.Release|Any CPU.ActiveCfg = Release|Any CPU
		{88E21627-78FF-434C-B934-CC709EB44981}.Release|Any CPU.Build.0 = Release|Any CPU
	EndGlobalSection
	GlobalSection(SolutionProperties) = preSolution
		HideSolutionNode = FALSE
	EndGlobalSection
	GlobalSection(ExtensibilityGlobals) = postSolution
		SolutionGuid = {2E7E8AF1-46BE-4A22-AC9B-93462E891E81}
	EndGlobalSection
EndGlobal
